# THIS IS AN AUTOGENERATED FILE. DO NOT EDIT THIS FILE DIRECTLY.
# yarn lockfile v1


"@babel/runtime-corejs2@^7.2.0":
  version "7.6.3"
  resolved "https://registry.yarnpkg.com/@babel/runtime-corejs2/-/runtime-corejs2-7.6.3.tgz#de3f446b3fb688b98cbd220474d1a7cad909bcb8"
  integrity sha512-nuA2o+rgX2+PrNTZ063ehncVcg7sn+tU71BB81SaWRVUbGwCOlb0+yQA1e0QqmzOfRSYOxfvf8cosYqFbJEiwQ==
  dependencies:
    core-js "^2.6.5"
    regenerator-runtime "^0.13.2"

core-js@^2.6.5:
  version "2.6.10"
  resolved "https://registry.yarnpkg.com/core-js/-/core-js-2.6.10.tgz#8a5b8391f8cc7013da703411ce5b585706300d7f"
  integrity sha512-I39t74+4t+zau64EN1fE5v2W31Adtc/REhzWN+gWRRXg6WH5qAsZm62DHpQ1+Yhe4047T55jvzz7MUqF/dBBlA==

eol@^0.9.1:
  version "0.9.1"
  resolved "https://registry.yarnpkg.com/eol/-/eol-0.9.1.tgz#f701912f504074be35c6117a5c4ade49cd547acd"
  integrity sha512-Ds/TEoZjwggRoz/Q2O7SE3i4Jm66mqTDfmdHdq/7DKVk3bro9Q8h6WdXKdPqFLMoqxrDK5SVRzHVPOS6uuGtrg==

lodash@^4.17.15:
  version "4.17.15"
  resolved "https://registry.yarnpkg.com/lodash/-/lodash-4.17.15.tgz#b447f6670a0455bbfeedd11392eff330ea097548"
  integrity sha512-8xOcRHvCjnocdS5cpwXQXVzmmh5e5+saE2QGoeQmbKmRS6J3VQppPOIt0MnmE+4xlZoumy0GPG0D0MVIQbNA1A==

moment@^2.24.0:
  version "2.24.0"
  resolved "https://registry.yarnpkg.com/moment/-/moment-2.24.0.tgz#0d055d53f5052aa653c9f6eb68bb5d12bf5c2b5b"
  integrity sha512-bV7f+6l2QigeBBZSM/6yTNq4P2fNpSWj/0e7jQcy87A8e7o2nAfP/34/2ky5Vw4B9S446EtIhodAzkFCcR4dQg==

pluralize@^8.0.0:
  version "8.0.0"
  resolved "https://registry.yarnpkg.com/pluralize/-/pluralize-8.0.0.tgz#1a6fa16a38d12a1901e0320fa017051c539ce3b1"
  integrity sha512-Nc3IT5yHzflTfbjgqWcCPpo7DaKy4FnpB0l/zCAW0Tc7jxAiuqSxHasntB3D7887LSrA93kDJ9IXovxJYxyLCA==

regenerator-runtime@^0.13.2:
  version "0.13.3"
  resolved "https://registry.yarnpkg.com/regenerator-runtime/-/regenerator-runtime-0.13.3.tgz#7cf6a77d8f5c6f60eb73c5fc1955b2ceb01e6bf5"
  integrity sha512-naKIZz2GQ8JWh///G7L3X6LaQUAMp2lvb1rvwwsURe/VXwD6VMfr+/1NuNw3ag8v2kY1aQ/go5SNn79O9JU7yw==

urijs@^1.19.2:
  version "1.19.6"
  resolved "https://registry.yarnpkg.com/urijs/-/urijs-1.19.6.tgz#51f8cb17ca16faefb20b9a31ac60f84aa2b7c870"
  integrity sha512-eSXsXZ2jLvGWeLYlQA3Gh36BcjF+0amo92+wHPyN1mdR8Nxf75fuEuYTd9c0a+m/vhCjRK0ESlE9YNLW+E1VEw==

voca@^1.4.0:
  version "1.4.0"
  resolved "https://registry.yarnpkg.com/voca/-/voca-1.4.0.tgz#e15ac58b38290b72acc0c330366b6cc7984924d7"
  integrity sha512-8Xz4H3vhYRGbFupLtl6dHwMx0ojUcjt0HYkqZ9oBCfipd/5mD7Md58m2/dq7uPuZU/0T3Gb1m66KS9jn+I+14Q==

xregexp@^4.2.4:
  version "4.2.4"
  resolved "https://registry.yarnpkg.com/xregexp/-/xregexp-4.2.4.tgz#02a4aea056d65a42632c02f0233eab8e4d7e57ed"
  integrity sha512-sO0bYdYeJAJBcJA8g7MJJX7UrOZIfJPd8U2SC7B2Dd/J24U0aQNoGp33shCaBSWeb0rD5rh6VBUIXOkGal1TZA==
  dependencies:
    "@babel/runtime-corejs2" "^7.2.0"
